
Microsoft Visual Studio Solution File, Format Version 12.00
# Visual Studio Version 17
VisualStudioVersion = 17.12.35521.163 d17.12
MinimumVisualStudioVersion = 10.0.40219.1
Project("{2150E333-8FDC-42A3-9474-1A3956D46DE8}") = "Task0", "Task0", "{F07230E1-1EC8-430A-9484-7E56DE87461F}"
EndProject
Project("{FAE04EC0-301F-11D3-BF4B-00C04F79EFBC}") = "Tyuiu.KhabibullinMR.Sprint5.Task0.V19", "Tyuiu.KhabibullinMR.Sprint5.Task0.V19\Tyuiu.KhabibullinMR.Sprint5.Task0.V19.csproj", "{51633479-CBED-4B12-8FE7-251FCBC937C4}"
EndProject
Project("{FAE04EC0-301F-11D3-BF4B-00C04F79EFBC}") = "Tyuiu.KhabibullinMR.Sprint5.Task0.V19.Lib", "Tyuiu.KhabibullinMR.Sprint5.Task0.V19.Lib\Tyuiu.KhabibullinMR.Sprint5.Task0.V19.Lib.csproj", "{F17A557F-62A0-4E47-A8EA-4C7AF2AE58CC}"
EndProject
Project("{FAE04EC0-301F-11D3-BF4B-00C04F79EFBC}") = "Tyuiu.KhabibullinMR.Sprint5.Task0.V19.Test", "Tyuiu.KhabibullinMR.Sprint5.Task0.V19.Test\Tyuiu.KhabibullinMR.Sprint5.Task0.V19.Test.csproj", "{407F7974-97B2-4DA2-BD8A-484124B07240}"
EndProject
Project("{2150E333-8FDC-42A3-9474-1A3956D46DE8}") = "Task1", "Task1", "{8775317D-72B5-426F-B9DD-66FCECCC01A8}"
EndProject
Project("{FAE04EC0-301F-11D3-BF4B-00C04F79EFBC}") = "Tyuiu.KhabibullinMR.Sprint5.Task1.V30", "Tyuiu.KhabibullinMR.Sprint5.Task1.V30\Tyuiu.KhabibullinMR.Sprint5.Task1.V30.csproj", "{0A77E3A7-DE03-4857-9CB4-692C771F7CAE}"
EndProject
Project("{FAE04EC0-301F-11D3-BF4B-00C04F79EFBC}") = "Tyuiu.KhabibullinMR.Sprint5.Task1.V30.Lib", "Tyuiu.KhabibullinMR.Sprint5.Task1.V30.Lib\Tyuiu.KhabibullinMR.Sprint5.Task1.V30.Lib.csproj", "{6B325E57-4E1E-406F-9652-EF12E3CF1B8F}"
EndProject
Project("{FAE04EC0-301F-11D3-BF4B-00C04F79EFBC}") = "Tyuiu.KhabibullinMR.Sprint5.Task1.V30.Test", "Tyuiu.KhabibullinMR.Sprint5.Task1.V30.Test\Tyuiu.KhabibullinMR.Sprint5.Task1.V30.Test.csproj", "{5DCECB68-7684-4C33-9A90-1635B5601C3F}"
EndProject
Project("{2150E333-8FDC-42A3-9474-1A3956D46DE8}") = "Task2", "Task2", "{060FAEA6-5B69-40B8-9251-A4A24B19B902}"
EndProject
Project("{FAE04EC0-301F-11D3-BF4B-00C04F79EFBC}") = "Tyuiu.KhabibullinMR.Sprint5.Task2.V19", "Tyuiu.KhabibullinMR.Sprint5.Task2.V19\Tyuiu.KhabibullinMR.Sprint5.Task2.V19.csproj", "{391DCCD9-F519-4A5C-BEFA-71DD30A281C5}"
EndProject
Project("{FAE04EC0-301F-11D3-BF4B-00C04F79EFBC}") = "Tyuiu.KhabibullinMR.Sprint5.Task2.V19.Lib", "Tyuiu.KhabibullinMR.Sprint5.Task2.V19.Lib\Tyuiu.KhabibullinMR.Sprint5.Task2.V19.Lib.csproj", "{49EDE7AF-B7A5-4174-9985-86D6ABC330A0}"
EndProject
Project("{FAE04EC0-301F-11D3-BF4B-00C04F79EFBC}") = "Tyuiu.KhabibullinMR.Sprint5.Task2.V19.Test", "Tyuiu.KhabibullinMR.Sprint5.Task2.V19.Test\Tyuiu.KhabibullinMR.Sprint5.Task2.V19.Test.csproj", "{89C819A8-3F05-42E1-803F-5AA91F797EC9}"
EndProject
Project("{2150E333-8FDC-42A3-9474-1A3956D46DE8}") = "Task3", "Task3", "{C558AB7B-49EB-44F5-935A-1B75B8E7CB1B}"
EndProject
Project("{FAE04EC0-301F-11D3-BF4B-00C04F79EFBC}") = "Tyuiu.KhabibullinMR.Sprint5.Task3.V5", "Tyuiu.KhabibullinMR.Sprint5.Task3.V5\Tyuiu.KhabibullinMR.Sprint5.Task3.V5.csproj", "{7F78C310-8451-4994-AE33-D904B6E436E7}"
EndProject
Project("{FAE04EC0-301F-11D3-BF4B-00C04F79EFBC}") = "Tyuiu.KhabibullinMR.Sprint5.Task3.V5.Lib", "Tyuiu.KhabibullinMR.Sprint5.Task3.V5.Lib\Tyuiu.KhabibullinMR.Sprint5.Task3.V5.Lib.csproj", "{7A95032B-9CA4-450A-BE02-25D761C17C3D}"
EndProject
Project("{FAE04EC0-301F-11D3-BF4B-00C04F79EFBC}") = "Tyuiu.KhabibullinMR.Sprint5.Task3.V5.Test", "Tyuiu.KhabibullinMR.Sprint5.Task3.V5.Test\Tyuiu.KhabibullinMR.Sprint5.Task3.V5.Test.csproj", "{79181935-33B5-4CF5-82AA-A7E32EB4D773}"
EndProject
Project("{2150E333-8FDC-42A3-9474-1A3956D46DE8}") = "Task4", "Task4", "{87AE1A20-7297-4B90-B72C-4F4D872DA9B5}"
EndProject
Project("{FAE04EC0-301F-11D3-BF4B-00C04F79EFBC}") = "Tyuiu.KhabibullinMR.Sprint5.Task4.V30", "Tyuiu.KhabibullinMR.Sprint5.Task4.V30\Tyuiu.KhabibullinMR.Sprint5.Task4.V30.csproj", "{2F5BCFB2-44C5-4C55-9A02-EB2B33BD9462}"
EndProject
Project("{FAE04EC0-301F-11D3-BF4B-00C04F79EFBC}") = "Tyuiu.KhabibullinMR.Sprint5.Task4.V30.Lib", "Tyuiu.KhabibullinMR.Sprint5.Task4.V30.Lib\Tyuiu.KhabibullinMR.Sprint5.Task4.V30.Lib.csproj", "{CB60B397-90E8-4D65-8965-6F02944B4AD8}"
EndProject
Project("{FAE04EC0-301F-11D3-BF4B-00C04F79EFBC}") = "Tyuiu.KhabibullinMR.Sprint5.Task4.V30.Test", "Tyuiu.KhabibullinMR.Sprint5.Task4.V30.Test\Tyuiu.KhabibullinMR.Sprint5.Task4.V30.Test.csproj", "{BA934272-891B-40AA-812F-CD640EFC9487}"
EndProject
Project("{2150E333-8FDC-42A3-9474-1A3956D46DE8}") = "Task5", "Task5", "{794908EB-D409-4435-A0C1-D9BD075E34C8}"
EndProject
Project("{FAE04EC0-301F-11D3-BF4B-00C04F79EFBC}") = "Tyuiu.KhabibullinMR.Sprint5.Task5.V9", "Tyuiu.KhabibullinMR.Sprint5.Task5.V9\Tyuiu.KhabibullinMR.Sprint5.Task5.V9.csproj", "{477A209A-1D80-46FB-824B-9ABBB4F5745E}"
EndProject
Project("{FAE04EC0-301F-11D3-BF4B-00C04F79EFBC}") = "Tyuiu.KhabibullinMR.Sprint5.Task5.V9.Lib", "Tyuiu.KhabibullinMR.Sprint5.Task5.V9.Lib\Tyuiu.KhabibullinMR.Sprint5.Task5.V9.Lib.csproj", "{C9B8DCFB-E9BE-4D4A-99AF-EF92BF33D3BD}"
EndProject
Project("{FAE04EC0-301F-11D3-BF4B-00C04F79EFBC}") = "Tyuiu.KhabibullinMR.Sprint5.Task5.V9.Test", "Tyuiu.KhabibullinMR.Sprint5.Task5.V9.Test\Tyuiu.KhabibullinMR.Sprint5.Task5.V9.Test.csproj", "{D9003089-FD9F-4DFF-891E-D57146CDB071}"
EndProject
Project("{2150E333-8FDC-42A3-9474-1A3956D46DE8}") = "Task6", "Task6", "{DE1CD47A-330D-4F25-8668-CA14598B3A28}"
EndProject
Project("{FAE04EC0-301F-11D3-BF4B-00C04F79EFBC}") = "Tyuiu.KhabibullinMR.Sprint5.Task6.V27", "Tyuiu.KhabibullinMR.Sprint5.Task6.V27\Tyuiu.KhabibullinMR.Sprint5.Task6.V27.csproj", "{E67CB9A0-4A26-47DE-9FEB-86C5702EB486}"
EndProject
Project("{FAE04EC0-301F-11D3-BF4B-00C04F79EFBC}") = "Tyuiu.KhabibullinMR.Sprint5.Task6.V27.Lib", "Tyuiu.KhabibullinMR.Sprint5.Task6.V27.Lib\Tyuiu.KhabibullinMR.Sprint5.Task6.V27.Lib.csproj", "{1FE4031C-8DDC-42CE-8B23-944AB2177744}"
EndProject
Project("{FAE04EC0-301F-11D3-BF4B-00C04F79EFBC}") = "Tyuiu.KhabibullinMR.Sprint5.Task6.V27.Test", "Tyuiu.KhabibullinMR.Sprint5.Task6.V27.Test\Tyuiu.KhabibullinMR.Sprint5.Task6.V27.Test.csproj", "{D90688E6-B677-4FAD-848F-55F5E162D80C}"
EndProject
Global
	GlobalSection(SolutionConfigurationPlatforms) = preSolution
		Debug|Any CPU = Debug|Any CPU
		Release|Any CPU = Release|Any CPU
	EndGlobalSection
	GlobalSection(ProjectConfigurationPlatforms) = postSolution
		{51633479-CBED-4B12-8FE7-251FCBC937C4}.Debug|Any CPU.ActiveCfg = Debug|Any CPU
		{51633479-CBED-4B12-8FE7-251FCBC937C4}.Debug|Any CPU.Build.0 = Debug|Any CPU
		{51633479-CBED-4B12-8FE7-251FCBC937C4}.Release|Any CPU.ActiveCfg = Release|Any CPU
		{51633479-CBED-4B12-8FE7-251FCBC937C4}.Release|Any CPU.Build.0 = Release|Any CPU
		{F17A557F-62A0-4E47-A8EA-4C7AF2AE58CC}.Debug|Any CPU.ActiveCfg = Debug|Any CPU
		{F17A557F-62A0-4E47-A8EA-4C7AF2AE58CC}.Debug|Any CPU.Build.0 = Debug|Any CPU
		{F17A557F-62A0-4E47-A8EA-4C7AF2AE58CC}.Release|Any CPU.ActiveCfg = Release|Any CPU
		{F17A557F-62A0-4E47-A8EA-4C7AF2AE58CC}.Release|Any CPU.Build.0 = Release|Any CPU
		{407F7974-97B2-4DA2-BD8A-484124B07240}.Debug|Any CPU.ActiveCfg = Debug|Any CPU
		{407F7974-97B2-4DA2-BD8A-484124B07240}.Debug|Any CPU.Build.0 = Debug|Any CPU
		{407F7974-97B2-4DA2-BD8A-484124B07240}.Release|Any CPU.ActiveCfg = Release|Any CPU
		{407F7974-97B2-4DA2-BD8A-484124B07240}.Release|Any CPU.Build.0 = Release|Any CPU
		{0A77E3A7-DE03-4857-9CB4-692C771F7CAE}.Debug|Any CPU.ActiveCfg = Debug|Any CPU
		{0A77E3A7-DE03-4857-9CB4-692C771F7CAE}.Debug|Any CPU.Build.0 = Debug|Any CPU
		{0A77E3A7-DE03-4857-9CB4-692C771F7CAE}.Release|Any CPU.ActiveCfg = Release|Any CPU
		{0A77E3A7-DE03-4857-9CB4-692C771F7CAE}.Release|Any CPU.Build.0 = Release|Any CPU
		{6B325E57-4E1E-406F-9652-EF12E3CF1B8F}.Debug|Any CPU.ActiveCfg = Debug|Any CPU
		{6B325E57-4E1E-406F-9652-EF12E3CF1B8F}.Debug|Any CPU.Build.0 = Debug|Any CPU
		{6B325E57-4E1E-406F-9652-EF12E3CF1B8F}.Release|Any CPU.ActiveCfg = Release|Any CPU
		{6B325E57-4E1E-406F-9652-EF12E3CF1B8F}.Release|Any CPU.Build.0 = Release|Any CPU
		{5DCECB68-7684-4C33-9A90-1635B5601C3F}.Debug|Any CPU.ActiveCfg = Debug|Any CPU
		{5DCECB68-7684-4C33-9A90-1635B5601C3F}.Debug|Any CPU.Build.0 = Debug|Any CPU
		{5DCECB68-7684-4C33-9A90-1635B5601C3F}.Release|Any CPU.ActiveCfg = Release|Any CPU
		{5DCECB68-7684-4C33-9A90-1635B5601C3F}.Release|Any CPU.Build.0 = Release|Any CPU
		{391DCCD9-F519-4A5C-BEFA-71DD30A281C5}.Debug|Any CPU.ActiveCfg = Debug|Any CPU
		{391DCCD9-F519-4A5C-BEFA-71DD30A281C5}.Debug|Any CPU.Build.0 = Debug|Any CPU
		{391DCCD9-F519-4A5C-BEFA-71DD30A281C5}.Release|Any CPU.ActiveCfg = Release|Any CPU
		{391DCCD9-F519-4A5C-BEFA-71DD30A281C5}.Release|Any CPU.Build.0 = Release|Any CPU
		{49EDE7AF-B7A5-4174-9985-86D6ABC330A0}.Debug|Any CPU.ActiveCfg = Debug|Any CPU
		{49EDE7AF-B7A5-4174-9985-86D6ABC330A0}.Debug|Any CPU.Build.0 = Debug|Any CPU
		{49EDE7AF-B7A5-4174-9985-86D6ABC330A0}.Release|Any CPU.ActiveCfg = Release|Any CPU
		{49EDE7AF-B7A5-4174-9985-86D6ABC330A0}.Release|Any CPU.Build.0 = Release|Any CPU
		{89C819A8-3F05-42E1-803F-5AA91F797EC9}.Debug|Any CPU.ActiveCfg = Debug|Any CPU
		{89C819A8-3F05-42E1-803F-5AA91F797EC9}.Debug|Any CPU.Build.0 = Debug|Any CPU
		{89C819A8-3F05-42E1-803F-5AA91F797EC9}.Release|Any CPU.ActiveCfg = Release|Any CPU
		{89C819A8-3F05-42E1-803F-5AA91F797EC9}.Release|Any CPU.Build.0 = Release|Any CPU
		{7F78C310-8451-4994-AE33-D904B6E436E7}.Debug|Any CPU.ActiveCfg = Debug|Any CPU
		{7F78C310-8451-4994-AE33-D904B6E436E7}.Debug|Any CPU.Build.0 = Debug|Any CPU
		{7F78C310-8451-4994-AE33-D904B6E436E7}.Release|Any CPU.ActiveCfg = Release|Any CPU
		{7F78C310-8451-4994-AE33-D904B6E436E7}.Release|Any CPU.Build.0 = Release|Any CPU
		{7A95032B-9CA4-450A-BE02-25D761C17C3D}.Debug|Any CPU.ActiveCfg = Debug|Any CPU
		{7A95032B-9CA4-450A-BE02-25D761C17C3D}.Debug|Any CPU.Build.0 = Debug|Any CPU
		{7A95032B-9CA4-450A-BE02-25D761C17C3D}.Release|Any CPU.ActiveCfg = Release|Any CPU
		{7A95032B-9CA4-450A-BE02-25D761C17C3D}.Release|Any CPU.Build.0 = Release|Any CPU
		{79181935-33B5-4CF5-82AA-A7E32EB4D773}.Debug|Any CPU.ActiveCfg = Debug|Any CPU
		{79181935-33B5-4CF5-82AA-A7E32EB4D773}.Debug|Any CPU.Build.0 = Debug|Any CPU
		{79181935-33B5-4CF5-82AA-A7E32EB4D773}.Release|Any CPU.ActiveCfg = Release|Any CPU
		{79181935-33B5-4CF5-82AA-A7E32EB4D773}.Release|Any CPU.Build.0 = Release|Any CPU
		{2F5BCFB2-44C5-4C55-9A02-EB2B33BD9462}.Debug|Any CPU.ActiveCfg = Debug|Any CPU
		{2F5BCFB2-44C5-4C55-9A02-EB2B33BD9462}.Debug|Any CPU.Build.0 = Debug|Any CPU
		{2F5BCFB2-44C5-4C55-9A02-EB2B33BD9462}.Release|Any CPU.ActiveCfg = Release|Any CPU
		{2F5BCFB2-44C5-4C55-9A02-EB2B33BD9462}.Release|Any CPU.Build.0 = Release|Any CPU
		{CB60B397-90E8-4D65-8965-6F02944B4AD8}.Debug|Any CPU.ActiveCfg = Debug|Any CPU
		{CB60B397-90E8-4D65-8965-6F02944B4AD8}.Debug|Any CPU.Build.0 = Debug|Any CPU
		{CB60B397-90E8-4D65-8965-6F02944B4AD8}.Release|Any CPU.ActiveCfg = Release|Any CPU
		{CB60B397-90E8-4D65-8965-6F02944B4AD8}.Release|Any CPU.Build.0 = Release|Any CPU
		{BA934272-891B-40AA-812F-CD640EFC9487}.Debug|Any CPU.ActiveCfg = Debug|Any CPU
		{BA934272-891B-40AA-812F-CD640EFC9487}.Debug|Any CPU.Build.0 = Debug|Any CPU
		{BA934272-891B-40AA-812F-CD640EFC9487}.Release|Any CPU.ActiveCfg = Release|Any CPU
		{BA934272-891B-40AA-812F-CD640EFC9487}.Release|Any CPU.Build.0 = Release|Any CPU
		{477A209A-1D80-46FB-824B-9ABBB4F5745E}.Debug|Any CPU.ActiveCfg = Debug|Any CPU
		{477A209A-1D80-46FB-824B-9ABBB4F5745E}.Debug|Any CPU.Build.0 = Debug|Any CPU
		{477A209A-1D80-46FB-824B-9ABBB4F5745E}.Release|Any CPU.ActiveCfg = Release|Any CPU
		{477A209A-1D80-46FB-824B-9ABBB4F5745E}.Release|Any CPU.Build.0 = Release|Any CPU
		{C9B8DCFB-E9BE-4D4A-99AF-EF92BF33D3BD}.Debug|Any CPU.ActiveCfg = Debug|Any CPU
		{C9B8DCFB-E9BE-4D4A-99AF-EF92BF33D3BD}.Debug|Any CPU.Build.0 = Debug|Any CPU
		{C9B8DCFB-E9BE-4D4A-99AF-EF92BF33D3BD}.Release|Any CPU.ActiveCfg = Release|Any CPU
		{C9B8DCFB-E9BE-4D4A-99AF-EF92BF33D3BD}.Release|Any CPU.Build.0 = Release|Any CPU
		{D9003089-FD9F-4DFF-891E-D57146CDB071}.Debug|Any CPU.ActiveCfg = Debug|Any CPU
		{D9003089-FD9F-4DFF-891E-D57146CDB071}.Debug|Any CPU.Build.0 = Debug|Any CPU
		{D9003089-FD9F-4DFF-891E-D57146CDB071}.Release|Any CPU.ActiveCfg = Release|Any CPU
		{D9003089-FD9F-4DFF-891E-D57146CDB071}.Release|Any CPU.Build.0 = Release|Any CPU
		{E67CB9A0-4A26-47DE-9FEB-86C5702EB486}.Debug|Any CPU.ActiveCfg = Debug|Any CPU
		{E67CB9A0-4A26-47DE-9FEB-86C5702EB486}.Debug|Any CPU.Build.0 = Debug|Any CPU
		{E67CB9A0-4A26-47DE-9FEB-86C5702EB486}.Release|Any CPU.ActiveCfg = Release|Any CPU
		{E67CB9A0-4A26-47DE-9FEB-86C5702EB486}.Release|Any CPU.Build.0 = Release|Any CPU
		{1FE4031C-8DDC-42CE-8B23-944AB2177744}.Debug|Any CPU.ActiveCfg = Debug|Any CPU
		{1FE4031C-8DDC-42CE-8B23-944AB2177744}.Debug|Any CPU.Build.0 = Debug|Any CPU
		{1FE4031C-8DDC-42CE-8B23-944AB2177744}.Release|Any CPU.ActiveCfg = Release|Any CPU
		{1FE4031C-8DDC-42CE-8B23-944AB2177744}.Release|Any CPU.Build.0 = Release|Any CPU
		{D90688E6-B677-4FAD-848F-55F5E162D80C}.Debug|Any CPU.ActiveCfg = Debug|Any CPU
		{D90688E6-B677-4FAD-848F-55F5E162D80C}.Debug|Any CPU.Build.0 = Debug|Any CPU
		{D90688E6-B677-4FAD-848F-55F5E162D80C}.Release|Any CPU.ActiveCfg = Release|Any CPU
		{D90688E6-B677-4FAD-848F-55F5E162D80C}.Release|Any CPU.Build.0 = Release|Any CPU
	EndGlobalSection
	GlobalSection(SolutionProperties) = preSolution
		HideSolutionNode = FALSE
	EndGlobalSection
	GlobalSection(NestedProjects) = preSolution
		{51633479-CBED-4B12-8FE7-251FCBC937C4} = {F07230E1-1EC8-430A-9484-7E56DE87461F}
		{F17A557F-62A0-4E47-A8EA-4C7AF2AE58CC} = {F07230E1-1EC8-430A-9484-7E56DE87461F}
		{407F7974-97B2-4DA2-BD8A-484124B07240} = {F07230E1-1EC8-430A-9484-7E56DE87461F}
		{0A77E3A7-DE03-4857-9CB4-692C771F7CAE} = {8775317D-72B5-426F-B9DD-66FCECCC01A8}
		{6B325E57-4E1E-406F-9652-EF12E3CF1B8F} = {8775317D-72B5-426F-B9DD-66FCECCC01A8}
		{5DCECB68-7684-4C33-9A90-1635B5601C3F} = {8775317D-72B5-426F-B9DD-66FCECCC01A8}
		{391DCCD9-F519-4A5C-BEFA-71DD30A281C5} = {060FAEA6-5B69-40B8-9251-A4A24B19B902}
		{49EDE7AF-B7A5-4174-9985-86D6ABC330A0} = {060FAEA6-5B69-40B8-9251-A4A24B19B902}
		{89C819A8-3F05-42E1-803F-5AA91F797EC9} = {060FAEA6-5B69-40B8-9251-A4A24B19B902}
		{7F78C310-8451-4994-AE33-D904B6E436E7} = {C558AB7B-49EB-44F5-935A-1B75B8E7CB1B}
		{7A95032B-9CA4-450A-BE02-25D761C17C3D} = {C558AB7B-49EB-44F5-935A-1B75B8E7CB1B}
		{79181935-33B5-4CF5-82AA-A7E32EB4D773} = {C558AB7B-49EB-44F5-935A-1B75B8E7CB1B}
		{2F5BCFB2-44C5-4C55-9A02-EB2B33BD9462} = {87AE1A20-7297-4B90-B72C-4F4D872DA9B5}
		{CB60B397-90E8-4D65-8965-6F02944B4AD8} = {87AE1A20-7297-4B90-B72C-4F4D872DA9B5}
		{BA934272-891B-40AA-812F-CD640EFC9487} = {87AE1A20-7297-4B90-B72C-4F4D872DA9B5}
		{477A209A-1D80-46FB-824B-9ABBB4F5745E} = {794908EB-D409-4435-A0C1-D9BD075E34C8}
		{C9B8DCFB-E9BE-4D4A-99AF-EF92BF33D3BD} = {794908EB-D409-4435-A0C1-D9BD075E34C8}
		{D9003089-FD9F-4DFF-891E-D57146CDB071} = {794908EB-D409-4435-A0C1-D9BD075E34C8}
		{E67CB9A0-4A26-47DE-9FEB-86C5702EB486} = {DE1CD47A-330D-4F25-8668-CA14598B3A28}
		{1FE4031C-8DDC-42CE-8B23-944AB2177744} = {DE1CD47A-330D-4F25-8668-CA14598B3A28}
		{D90688E6-B677-4FAD-848F-55F5E162D80C} = {DE1CD47A-330D-4F25-8668-CA14598B3A28}
	EndGlobalSection
EndGlobal
