
Microsoft Visual Studio Solution File, Format Version 12.00
# Visual Studio Version 17
VisualStudioVersion = 17.12.35521.163 d17.12
MinimumVisualStudioVersion = 10.0.40219.1
Project("{2150E333-8FDC-42A3-9474-1A3956D46DE8}") = "Task0", "Task0", "{F07230E1-1EC8-430A-9484-7E56DE87461F}"
EndProject
Project("{FAE04EC0-301F-11D3-BF4B-00C04F79EFBC}") = "Tyuiu.KhabibullinMR.Sprint5.Task0.V19", "Tyuiu.KhabibullinMR.Sprint5.Task0.V19\Tyuiu.KhabibullinMR.Sprint5.Task0.V19.csproj", "{51633479-CBED-4B12-8FE7-251FCBC937C4}"
EndProject
Project("{FAE04EC0-301F-11D3-BF4B-00C04F79EFBC}") = "Tyuiu.KhabibullinMR.Sprint5.Task0.V19.Lib", "Tyuiu.KhabibullinMR.Sprint5.Task0.V19.Lib\Tyuiu.KhabibullinMR.Sprint5.Task0.V19.Lib.csproj", "{F17A557F-62A0-4E47-A8EA-4C7AF2AE58CC}"
EndProject
Project("{FAE04EC0-301F-11D3-BF4B-00C04F79EFBC}") = "Tyuiu.KhabibullinMR.Sprint5.Task0.V19.Test", "Tyuiu.KhabibullinMR.Sprint5.Task0.V19.Test\Tyuiu.KhabibullinMR.Sprint5.Task0.V19.Test.csproj", "{407F7974-97B2-4DA2-BD8A-484124B07240}"
EndProject
Project("{2150E333-8FDC-42A3-9474-1A3956D46DE8}") = "Task1", "Task1", "{8775317D-72B5-426F-B9DD-66FCECCC01A8}"
EndProject
Project("{FAE04EC0-301F-11D3-BF4B-00C04F79EFBC}") = "Tyuiu.KhabibullinMR.Sprint5.Task1.V30", "Tyuiu.KhabibullinMR.Sprint5.Task1.V30\Tyuiu.KhabibullinMR.Sprint5.Task1.V30.csproj", "{0A77E3A7-DE03-4857-9CB4-692C771F7CAE}"
EndProject
Project("{FAE04EC0-301F-11D3-BF4B-00C04F79EFBC}") = "Tyuiu.KhabibullinMR.Sprint5.Task1.V30.Lib", "Tyuiu.KhabibullinMR.Sprint5.Task1.V30.Lib\Tyuiu.KhabibullinMR.Sprint5.Task1.V30.Lib.csproj", "{6B325E57-4E1E-406F-9652-EF12E3CF1B8F}"
EndProject
Project("{FAE04EC0-301F-11D3-BF4B-00C04F79EFBC}") = "Tyuiu.KhabibullinMR.Sprint5.Task1.V30.Test", "Tyuiu.KhabibullinMR.Sprint5.Task1.V30.Test\Tyuiu.KhabibullinMR.Sprint5.Task1.V30.Test.csproj", "{5DCECB68-7684-4C33-9A90-1635B5601C3F}"
EndProject
Global
	GlobalSection(SolutionConfigurationPlatforms) = preSolution
		Debug|Any CPU = Debug|Any CPU
		Release|Any CPU = Release|Any CPU
	EndGlobalSection
	GlobalSection(ProjectConfigurationPlatforms) = postSolution
		{51633479-CBED-4B12-8FE7-251FCBC937C4}.Debug|Any CPU.ActiveCfg = Debug|Any CPU
		{51633479-CBED-4B12-8FE7-251FCBC937C4}.Debug|Any CPU.Build.0 = Debug|Any CPU
		{51633479-CBED-4B12-8FE7-251FCBC937C4}.Release|Any CPU.ActiveCfg = Release|Any CPU
		{51633479-CBED-4B12-8FE7-251FCBC937C4}.Release|Any CPU.Build.0 = Release|Any CPU
		{F17A557F-62A0-4E47-A8EA-4C7AF2AE58CC}.Debug|Any CPU.ActiveCfg = Debug|Any CPU
		{F17A557F-62A0-4E47-A8EA-4C7AF2AE58CC}.Debug|Any CPU.Build.0 = Debug|Any CPU
		{F17A557F-62A0-4E47-A8EA-4C7AF2AE58CC}.Release|Any CPU.ActiveCfg = Release|Any CPU
		{F17A557F-62A0-4E47-A8EA-4C7AF2AE58CC}.Release|Any CPU.Build.0 = Release|Any CPU
		{407F7974-97B2-4DA2-BD8A-484124B07240}.Debug|Any CPU.ActiveCfg = Debug|Any CPU
		{407F7974-97B2-4DA2-BD8A-484124B07240}.Debug|Any CPU.Build.0 = Debug|Any CPU
		{407F7974-97B2-4DA2-BD8A-484124B07240}.Release|Any CPU.ActiveCfg = Release|Any CPU
		{407F7974-97B2-4DA2-BD8A-484124B07240}.Release|Any CPU.Build.0 = Release|Any CPU
		{0A77E3A7-DE03-4857-9CB4-692C771F7CAE}.Debug|Any CPU.ActiveCfg = Debug|Any CPU
		{0A77E3A7-DE03-4857-9CB4-692C771F7CAE}.Debug|Any CPU.Build.0 = Debug|Any CPU
		{0A77E3A7-DE03-4857-9CB4-692C771F7CAE}.Release|Any CPU.ActiveCfg = Release|Any CPU
		{0A77E3A7-DE03-4857-9CB4-692C771F7CAE}.Release|Any CPU.Build.0 = Release|Any CPU
		{6B325E57-4E1E-406F-9652-EF12E3CF1B8F}.Debug|Any CPU.ActiveCfg = Debug|Any CPU
		{6B325E57-4E1E-406F-9652-EF12E3CF1B8F}.Debug|Any CPU.Build.0 = Debug|Any CPU
		{6B325E57-4E1E-406F-9652-EF12E3CF1B8F}.Release|Any CPU.ActiveCfg = Release|Any CPU
		{6B325E57-4E1E-406F-9652-EF12E3CF1B8F}.Release|Any CPU.Build.0 = Release|Any CPU
		{5DCECB68-7684-4C33-9A90-1635B5601C3F}.Debug|Any CPU.ActiveCfg = Debug|Any CPU
		{5DCECB68-7684-4C33-9A90-1635B5601C3F}.Debug|Any CPU.Build.0 = Debug|Any CPU
		{5DCECB68-7684-4C33-9A90-1635B5601C3F}.Release|Any CPU.ActiveCfg = Release|Any CPU
		{5DCECB68-7684-4C33-9A90-1635B5601C3F}.Release|Any CPU.Build.0 = Release|Any CPU
	EndGlobalSection
	GlobalSection(SolutionProperties) = preSolution
		HideSolutionNode = FALSE
	EndGlobalSection
	GlobalSection(NestedProjects) = preSolution
		{51633479-CBED-4B12-8FE7-251FCBC937C4} = {F07230E1-1EC8-430A-9484-7E56DE87461F}
		{F17A557F-62A0-4E47-A8EA-4C7AF2AE58CC} = {F07230E1-1EC8-430A-9484-7E56DE87461F}
		{407F7974-97B2-4DA2-BD8A-484124B07240} = {F07230E1-1EC8-430A-9484-7E56DE87461F}
		{0A77E3A7-DE03-4857-9CB4-692C771F7CAE} = {8775317D-72B5-426F-B9DD-66FCECCC01A8}
		{6B325E57-4E1E-406F-9652-EF12E3CF1B8F} = {8775317D-72B5-426F-B9DD-66FCECCC01A8}
		{5DCECB68-7684-4C33-9A90-1635B5601C3F} = {8775317D-72B5-426F-B9DD-66FCECCC01A8}
	EndGlobalSection
EndGlobal
